// !$*UTF8*$!
{
	archiveVersion = 1;
	classes = {
	};
	objectVersion = 46;
	objects = {

/* Begin PBXBuildFile section */
		19D7BDF991F8FCC4E24CE538 /* Pods_PET.framework in Frameworks */ = {isa = PBXBuildFile; fileRef = 6FFAF3086BEEF679CA00BEF3 /* Pods_PET.framework */; };
		401F75391FA65A3100F85B54 /* Constants.swift in Sources */ = {isa = PBXBuildFile; fileRef = 401F75381FA65A3100F85B54 /* Constants.swift */; };
		401F88861FBCC59F008E7437 /* LevelSelect_View.swift in Sources */ = {isa = PBXBuildFile; fileRef = 401F88851FBCC59F008E7437 /* LevelSelect_View.swift */; };
		403665121FA8E83D00EB1B48 /* QuestionClassTests.swift in Sources */ = {isa = PBXBuildFile; fileRef = 403665111FA8E83D00EB1B48 /* QuestionClassTests.swift */; };
		403665151FA8EB8F00EB1B48 /* TestingConstants.swift in Sources */ = {isa = PBXBuildFile; fileRef = 403665141FA8EB8F00EB1B48 /* TestingConstants.swift */; };
		403665171FA8F27100EB1B48 /* ProgressArrayTests.swift in Sources */ = {isa = PBXBuildFile; fileRef = 403665161FA8F27100EB1B48 /* ProgressArrayTests.swift */; };
		403665191FA8F2B000EB1B48 /* UserModelTests.swift in Sources */ = {isa = PBXBuildFile; fileRef = 403665181FA8F2B000EB1B48 /* UserModelTests.swift */; };
		405920DC1FBCADD400E28DB4 /* Cards.swift in Sources */ = {isa = PBXBuildFile; fileRef = 405920DA1FBCADD400E28DB4 /* Cards.swift */; };
		405920DD1FBCADD400E28DB4 /* Shuffle.swift in Sources */ = {isa = PBXBuildFile; fileRef = 405920DB1FBCADD400E28DB4 /* Shuffle.swift */; };
		406534FA1FB780B9006B4672 /* dropDrownBtn.swift in Sources */ = {isa = PBXBuildFile; fileRef = 406534F91FB780B9006B4672 /* dropDrownBtn.swift */; };
		406534FC1FB780CE006B4672 /* dropDownView.swift in Sources */ = {isa = PBXBuildFile; fileRef = 406534FB1FB780CE006B4672 /* dropDownView.swift */; };
		407BA9881FC4AA1700794023 /* Stat_View.swift in Sources */ = {isa = PBXBuildFile; fileRef = 407BA9871FC4AA1700794023 /* Stat_View.swift */; };
		407EAF3D1FBDE94700CF4A51 /* EditQuestion_View.swift in Sources */ = {isa = PBXBuildFile; fileRef = 407EAF3C1FBDE94700CF4A51 /* EditQuestion_View.swift */; };
		408133231FA6390700EE6E52 /* QSelect_View.swift in Sources */ = {isa = PBXBuildFile; fileRef = 408133221FA6390700EE6E52 /* QSelect_View.swift */; };
		408133251FA6392900EE6E52 /* FacialFun_View.swift in Sources */ = {isa = PBXBuildFile; fileRef = 408133241FA6392900EE6E52 /* FacialFun_View.swift */; };
		408C083B1FA3D554001E3AAF /* User_Model.swift in Sources */ = {isa = PBXBuildFile; fileRef = 408C083A1FA3D554001E3AAF /* User_Model.swift */; };
		408C083F1FA3D5B5001E3AAF /* QuestionClass.swift in Sources */ = {isa = PBXBuildFile; fileRef = 408C083E1FA3D5B5001E3AAF /* QuestionClass.swift */; };
		408C08411FA3D5C8001E3AAF /* ProgressArray.swift in Sources */ = {isa = PBXBuildFile; fileRef = 408C08401FA3D5C8001E3AAF /* ProgressArray.swift */; };
		409108AA1FB7AA970034E681 /* CheckAVAuthorizationStatus.swift in Sources */ = {isa = PBXBuildFile; fileRef = 409108A91FB7AA970034E681 /* CheckAVAuthorizationStatus.swift */; };
		409108AD1FB7D5110034E681 /* UIImage.swift in Sources */ = {isa = PBXBuildFile; fileRef = 409108AB1FB7D5110034E681 /* UIImage.swift */; };
		409108AE1FB7D5110034E681 /* String.swift in Sources */ = {isa = PBXBuildFile; fileRef = 409108AC1FB7D5110034E681 /* String.swift */; };
		40A661361FA64D6800638B92 /* Gameplay_View.swift in Sources */ = {isa = PBXBuildFile; fileRef = 40A661351FA64D6800638B92 /* Gameplay_View.swift */; };
		40BFA9901FBE7A7B00586CC8 /* GlobalGameplay_View.swift in Sources */ = {isa = PBXBuildFile; fileRef = 40BFA98F1FBE7A7B00586CC8 /* GlobalGameplay_View.swift */; };
		40DC9E801FC496BF00F8BBA3 /* EditAccount_View.swift in Sources */ = {isa = PBXBuildFile; fileRef = 40DC9E7F1FC496BF00F8BBA3 /* EditAccount_View.swift */; };
		40E1EDA21FBA421C00EB7D27 /* QBankGameplay_View.swift in Sources */ = {isa = PBXBuildFile; fileRef = 40E1EDA11FBA421C00EB7D27 /* QBankGameplay_View.swift */; };
		40EF09881FBDFC7100D1B306 /* GlobalPlay_View.swift in Sources */ = {isa = PBXBuildFile; fileRef = 40EF09871FBDFC7100D1B306 /* GlobalPlay_View.swift */; };
		40F5D4AE1FB6734C008F36A8 /* AddQuestion_View.swift in Sources */ = {isa = PBXBuildFile; fileRef = 40F5D4AD1FB6734C008F36A8 /* AddQuestion_View.swift */; };
		79066B331FB2B97E00276F7C /* fontawesome-webfont.ttf in Resources */ = {isa = PBXBuildFile; fileRef = 79066B321FB2B97D00276F7C /* fontawesome-webfont.ttf */; };
		796E8AFA1F985647001CE47A /* Main_menu.swift in Sources */ = {isa = PBXBuildFile; fileRef = 796E8AF91F985647001CE47A /* Main_menu.swift */; };
		796E8AFC1F985801001CE47A /* Creat_account.swift in Sources */ = {isa = PBXBuildFile; fileRef = 796E8AFB1F985801001CE47A /* Creat_account.swift */; };
		798AA59F1F997A5D00B02435 /* Setting_View.swift in Sources */ = {isa = PBXBuildFile; fileRef = 798AA59E1F997A5D00B02435 /* Setting_View.swift */; };
		798AA5A11F997B1900B02435 /* Tutorial_View.swift in Sources */ = {isa = PBXBuildFile; fileRef = 798AA5A01F997B1900B02435 /* Tutorial_View.swift */; };
		798AA5A31F997B8C00B02435 /* QManager_View.swift in Sources */ = {isa = PBXBuildFile; fileRef = 798AA5A21F997B8C00B02435 /* QManager_View.swift */; };
		79B795C01F9798A500A6650F /* AppDelegate.swift in Sources */ = {isa = PBXBuildFile; fileRef = 79B795BF1F9798A500A6650F /* AppDelegate.swift */; };
		79B795C21F9798A500A6650F /* Login_View.swift in Sources */ = {isa = PBXBuildFile; fileRef = 79B795C11F9798A500A6650F /* Login_View.swift */; };
		79B795C51F9798A500A6650F /* Main.storyboard in Resources */ = {isa = PBXBuildFile; fileRef = 79B795C31F9798A500A6650F /* Main.storyboard */; };
		79B795C71F9798A500A6650F /* Assets.xcassets in Resources */ = {isa = PBXBuildFile; fileRef = 79B795C61F9798A500A6650F /* Assets.xcassets */; };
		79B795CA1F9798A500A6650F /* LaunchScreen.storyboard in Resources */ = {isa = PBXBuildFile; fileRef = 79B795C81F9798A500A6650F /* LaunchScreen.storyboard */; };
		79B795E01F9798A500A6650F /* PETUITests.swift in Sources */ = {isa = PBXBuildFile; fileRef = 79B795DF1F9798A500A6650F /* PETUITests.swift */; };
		79C132AC1FA1AD0600514822 /* GoogleService-Info.plist in Resources */ = {isa = PBXBuildFile; fileRef = 79C132AB1FA1AD0600514822 /* GoogleService-Info.plist */; };
/* End PBXBuildFile section */

/* Begin PBXContainerItemProxy section */
		79B795D11F9798A500A6650F /* PBXContainerItemProxy */ = {
			isa = PBXContainerItemProxy;
			containerPortal = 79B795B41F9798A500A6650F /* Project object */;
			proxyType = 1;
			remoteGlobalIDString = 79B795BB1F9798A500A6650F;
			remoteInfo = PET;
		};
		79B795DC1F9798A500A6650F /* PBXContainerItemProxy */ = {
			isa = PBXContainerItemProxy;
			containerPortal = 79B795B41F9798A500A6650F /* Project object */;
			proxyType = 1;
			remoteGlobalIDString = 79B795BB1F9798A500A6650F;
			remoteInfo = PET;
		};
/* End PBXContainerItemProxy section */

/* Begin PBXFileReference section */
		35A3D7B3D8851051199729B9 /* Pods-PET.release.xcconfig */ = {isa = PBXFileReference; includeInIndex = 1; lastKnownFileType = text.xcconfig; name = "Pods-PET.release.xcconfig"; path = "Pods/Target Support Files/Pods-PET/Pods-PET.release.xcconfig"; sourceTree = "<group>"; };
		401F75381FA65A3100F85B54 /* Constants.swift */ = {isa = PBXFileReference; lastKnownFileType = sourcecode.swift; path = Constants.swift; sourceTree = "<group>"; };
		401F88851FBCC59F008E7437 /* LevelSelect_View.swift */ = {isa = PBXFileReference; fileEncoding = 4; lastKnownFileType = sourcecode.swift; path = LevelSelect_View.swift; sourceTree = "<group>"; };
		403665111FA8E83D00EB1B48 /* QuestionClassTests.swift */ = {isa = PBXFileReference; lastKnownFileType = sourcecode.swift; path = QuestionClassTests.swift; sourceTree = "<group>"; };
		403665131FA8E8AF00EB1B48 /* PETTests-Bridging-Header.h */ = {isa = PBXFileReference; lastKnownFileType = sourcecode.c.h; path = "PETTests-Bridging-Header.h"; sourceTree = "<group>"; };
		403665141FA8EB8F00EB1B48 /* TestingConstants.swift */ = {isa = PBXFileReference; lastKnownFileType = sourcecode.swift; path = TestingConstants.swift; sourceTree = "<group>"; };
		403665161FA8F27100EB1B48 /* ProgressArrayTests.swift */ = {isa = PBXFileReference; lastKnownFileType = sourcecode.swift; path = ProgressArrayTests.swift; sourceTree = "<group>"; };
		403665181FA8F2B000EB1B48 /* UserModelTests.swift */ = {isa = PBXFileReference; lastKnownFileType = sourcecode.swift; path = UserModelTests.swift; sourceTree = "<group>"; };
		405920DA1FBCADD400E28DB4 /* Cards.swift */ = {isa = PBXFileReference; fileEncoding = 4; lastKnownFileType = sourcecode.swift; path = Cards.swift; sourceTree = "<group>"; };
		405920DB1FBCADD400E28DB4 /* Shuffle.swift */ = {isa = PBXFileReference; fileEncoding = 4; lastKnownFileType = sourcecode.swift; path = Shuffle.swift; sourceTree = "<group>"; };
		406534F91FB780B9006B4672 /* dropDrownBtn.swift */ = {isa = PBXFileReference; lastKnownFileType = sourcecode.swift; path = dropDrownBtn.swift; sourceTree = "<group>"; };
		406534FB1FB780CE006B4672 /* dropDownView.swift */ = {isa = PBXFileReference; lastKnownFileType = sourcecode.swift; path = dropDownView.swift; sourceTree = "<group>"; };
		407BA9871FC4AA1700794023 /* Stat_View.swift */ = {isa = PBXFileReference; lastKnownFileType = sourcecode.swift; path = Stat_View.swift; sourceTree = "<group>"; };
		407EAF3C1FBDE94700CF4A51 /* EditQuestion_View.swift */ = {isa = PBXFileReference; lastKnownFileType = sourcecode.swift; path = EditQuestion_View.swift; sourceTree = "<group>"; };
		408133221FA6390700EE6E52 /* QSelect_View.swift */ = {isa = PBXFileReference; lastKnownFileType = sourcecode.swift; path = QSelect_View.swift; sourceTree = "<group>"; };
		408133241FA6392900EE6E52 /* FacialFun_View.swift */ = {isa = PBXFileReference; lastKnownFileType = sourcecode.swift; path = FacialFun_View.swift; sourceTree = "<group>"; };
		408C083A1FA3D554001E3AAF /* User_Model.swift */ = {isa = PBXFileReference; lastKnownFileType = sourcecode.swift; path = User_Model.swift; sourceTree = "<group>"; };
		408C083E1FA3D5B5001E3AAF /* QuestionClass.swift */ = {isa = PBXFileReference; lastKnownFileType = sourcecode.swift; path = QuestionClass.swift; sourceTree = "<group>"; };
		408C08401FA3D5C8001E3AAF /* ProgressArray.swift */ = {isa = PBXFileReference; lastKnownFileType = sourcecode.swift; path = ProgressArray.swift; sourceTree = "<group>"; };
		409108A91FB7AA970034E681 /* CheckAVAuthorizationStatus.swift */ = {isa = PBXFileReference; fileEncoding = 4; lastKnownFileType = sourcecode.swift; path = CheckAVAuthorizationStatus.swift; sourceTree = "<group>"; };
		409108AB1FB7D5110034E681 /* UIImage.swift */ = {isa = PBXFileReference; fileEncoding = 4; lastKnownFileType = sourcecode.swift; path = UIImage.swift; sourceTree = "<group>"; };
		409108AC1FB7D5110034E681 /* String.swift */ = {isa = PBXFileReference; fileEncoding = 4; lastKnownFileType = sourcecode.swift; path = String.swift; sourceTree = "<group>"; };
		40A661351FA64D6800638B92 /* Gameplay_View.swift */ = {isa = PBXFileReference; lastKnownFileType = sourcecode.swift; path = Gameplay_View.swift; sourceTree = "<group>"; };
		40BFA98F1FBE7A7B00586CC8 /* GlobalGameplay_View.swift */ = {isa = PBXFileReference; lastKnownFileType = sourcecode.swift; path = GlobalGameplay_View.swift; sourceTree = "<group>"; };
		40DC9E7F1FC496BF00F8BBA3 /* EditAccount_View.swift */ = {isa = PBXFileReference; lastKnownFileType = sourcecode.swift; path = EditAccount_View.swift; sourceTree = "<group>"; };
		40E1EDA11FBA421C00EB7D27 /* QBankGameplay_View.swift */ = {isa = PBXFileReference; lastKnownFileType = sourcecode.swift; path = QBankGameplay_View.swift; sourceTree = "<group>"; };
		40EF09871FBDFC7100D1B306 /* GlobalPlay_View.swift */ = {isa = PBXFileReference; lastKnownFileType = sourcecode.swift; path = GlobalPlay_View.swift; sourceTree = "<group>"; };
		40F5D4AD1FB6734C008F36A8 /* AddQuestion_View.swift */ = {isa = PBXFileReference; lastKnownFileType = sourcecode.swift; path = AddQuestion_View.swift; sourceTree = "<group>"; };
		4F645BEF0256C0F94B18C051 /* Pods_PETTests.framework */ = {isa = PBXFileReference; explicitFileType = wrapper.framework; includeInIndex = 0; path = Pods_PETTests.framework; sourceTree = BUILT_PRODUCTS_DIR; };
		6FFAF3086BEEF679CA00BEF3 /* Pods_PET.framework */ = {isa = PBXFileReference; explicitFileType = wrapper.framework; includeInIndex = 0; path = Pods_PET.framework; sourceTree = BUILT_PRODUCTS_DIR; };
		79066B321FB2B97D00276F7C /* fontawesome-webfont.ttf */ = {isa = PBXFileReference; lastKnownFileType = file; path = "fontawesome-webfont.ttf"; sourceTree = "<group>"; };
		796E8AF91F985647001CE47A /* Main_menu.swift */ = {isa = PBXFileReference; fileEncoding = 4; lastKnownFileType = sourcecode.swift; path = Main_menu.swift; sourceTree = "<group>"; };
		796E8AFB1F985801001CE47A /* Creat_account.swift */ = {isa = PBXFileReference; fileEncoding = 4; lastKnownFileType = sourcecode.swift; path = Creat_account.swift; sourceTree = "<group>"; };
		798AA59E1F997A5D00B02435 /* Setting_View.swift */ = {isa = PBXFileReference; fileEncoding = 4; lastKnownFileType = sourcecode.swift; path = Setting_View.swift; sourceTree = "<group>"; };
		798AA5A01F997B1900B02435 /* Tutorial_View.swift */ = {isa = PBXFileReference; fileEncoding = 4; lastKnownFileType = sourcecode.swift; path = Tutorial_View.swift; sourceTree = "<group>"; };
		798AA5A21F997B8C00B02435 /* QManager_View.swift */ = {isa = PBXFileReference; fileEncoding = 4; lastKnownFileType = sourcecode.swift; path = QManager_View.swift; sourceTree = "<group>"; };
		79B795BC1F9798A500A6650F /* PET.app */ = {isa = PBXFileReference; explicitFileType = wrapper.application; includeInIndex = 0; path = PET.app; sourceTree = BUILT_PRODUCTS_DIR; };
		79B795BF1F9798A500A6650F /* AppDelegate.swift */ = {isa = PBXFileReference; lastKnownFileType = sourcecode.swift; path = AppDelegate.swift; sourceTree = "<group>"; };
		79B795C11F9798A500A6650F /* Login_View.swift */ = {isa = PBXFileReference; lastKnownFileType = sourcecode.swift; path = Login_View.swift; sourceTree = "<group>"; };
		79B795C41F9798A500A6650F /* Base */ = {isa = PBXFileReference; lastKnownFileType = file.storyboard; name = Base; path = Base.lproj/Main.storyboard; sourceTree = "<group>"; };
		79B795C61F9798A500A6650F /* Assets.xcassets */ = {isa = PBXFileReference; lastKnownFileType = folder.assetcatalog; path = Assets.xcassets; sourceTree = "<group>"; };
		79B795C91F9798A500A6650F /* Base */ = {isa = PBXFileReference; lastKnownFileType = file.storyboard; name = Base; path = Base.lproj/LaunchScreen.storyboard; sourceTree = "<group>"; };
		79B795CB1F9798A500A6650F /* Info.plist */ = {isa = PBXFileReference; lastKnownFileType = text.plist.xml; path = Info.plist; sourceTree = "<group>"; };
		79B795D01F9798A500A6650F /* PETTests.xctest */ = {isa = PBXFileReference; explicitFileType = wrapper.cfbundle; includeInIndex = 0; path = PETTests.xctest; sourceTree = BUILT_PRODUCTS_DIR; };
		79B795D61F9798A500A6650F /* Info.plist */ = {isa = PBXFileReference; lastKnownFileType = text.plist.xml; path = Info.plist; sourceTree = "<group>"; };
		79B795DB1F9798A500A6650F /* PETUITests.xctest */ = {isa = PBXFileReference; explicitFileType = wrapper.cfbundle; includeInIndex = 0; path = PETUITests.xctest; sourceTree = BUILT_PRODUCTS_DIR; };
		79B795DF1F9798A500A6650F /* PETUITests.swift */ = {isa = PBXFileReference; lastKnownFileType = sourcecode.swift; path = PETUITests.swift; sourceTree = "<group>"; };
		79B795E11F9798A500A6650F /* Info.plist */ = {isa = PBXFileReference; lastKnownFileType = text.plist.xml; path = Info.plist; sourceTree = "<group>"; };
		79C132AB1FA1AD0600514822 /* GoogleService-Info.plist */ = {isa = PBXFileReference; fileEncoding = 4; lastKnownFileType = text.plist.xml; path = "GoogleService-Info.plist"; sourceTree = "<group>"; };
		D7EFB97653C402E160322FD0 /* Pods_PETUITests.framework */ = {isa = PBXFileReference; explicitFileType = wrapper.framework; includeInIndex = 0; path = Pods_PETUITests.framework; sourceTree = BUILT_PRODUCTS_DIR; };
		D908782542E4228D4CC4E642 /* Pods-PET.debug.xcconfig */ = {isa = PBXFileReference; includeInIndex = 1; lastKnownFileType = text.xcconfig; name = "Pods-PET.debug.xcconfig"; path = "Pods/Target Support Files/Pods-PET/Pods-PET.debug.xcconfig"; sourceTree = "<group>"; };
/* End PBXFileReference section */

/* Begin PBXFrameworksBuildPhase section */
		79B795B91F9798A500A6650F /* Frameworks */ = {
			isa = PBXFrameworksBuildPhase;
			buildActionMask = 2147483647;
			files = (
				19D7BDF991F8FCC4E24CE538 /* Pods_PET.framework in Frameworks */,
			);
			runOnlyForDeploymentPostprocessing = 0;
		};
		79B795CD1F9798A500A6650F /* Frameworks */ = {
			isa = PBXFrameworksBuildPhase;
			buildActionMask = 2147483647;
			files = (
			);
			runOnlyForDeploymentPostprocessing = 0;
		};
		79B795D81F9798A500A6650F /* Frameworks */ = {
			isa = PBXFrameworksBuildPhase;
			buildActionMask = 2147483647;
			files = (
			);
			runOnlyForDeploymentPostprocessing = 0;
		};
/* End PBXFrameworksBuildPhase section */

/* Begin PBXGroup section */
		400EAE6F1FB7723C00A726F5 /* Question Bank */ = {
			isa = PBXGroup;
			children = (
				40EF09871FBDFC7100D1B306 /* GlobalPlay_View.swift */,
				40BFA98F1FBE7A7B00586CC8 /* GlobalGameplay_View.swift */,
				40E1EDA11FBA421C00EB7D27 /* QBankGameplay_View.swift */,
				798AA5A21F997B8C00B02435 /* QManager_View.swift */,
				40F5D4AD1FB6734C008F36A8 /* AddQuestion_View.swift */,
				407EAF3C1FBDE94700CF4A51 /* EditQuestion_View.swift */,
			);
			path = "Question Bank";
			sourceTree = "<group>";
		};
		407EAF3B1FBDE8E900CF4A51 /* Miscellaneous */ = {
			isa = PBXGroup;
			children = (
				401F75381FA65A3100F85B54 /* Constants.swift */,
				405920DB1FBCADD400E28DB4 /* Shuffle.swift */,
				409108AC1FB7D5110034E681 /* String.swift */,
				409108AB1FB7D5110034E681 /* UIImage.swift */,
				409108A91FB7AA970034E681 /* CheckAVAuthorizationStatus.swift */,
				406534F91FB780B9006B4672 /* dropDrownBtn.swift */,
				406534FB1FB780CE006B4672 /* dropDownView.swift */,
			);
			path = Miscellaneous;
			sourceTree = "<group>";
		};
		40951FA31FBA11560005A9A2 /* Gameplay */ = {
			isa = PBXGroup;
			children = (
				401F88851FBCC59F008E7437 /* LevelSelect_View.swift */,
				408133221FA6390700EE6E52 /* QSelect_View.swift */,
				408133241FA6392900EE6E52 /* FacialFun_View.swift */,
				40A661351FA64D6800638B92 /* Gameplay_View.swift */,
			);
			path = Gameplay;
			sourceTree = "<group>";
		};
		40E1EDA41FBA488C00EB7D27 /* Models */ = {
			isa = PBXGroup;
			children = (
				408C083A1FA3D554001E3AAF /* User_Model.swift */,
				408C08401FA3D5C8001E3AAF /* ProgressArray.swift */,
				408C083E1FA3D5B5001E3AAF /* QuestionClass.swift */,
				405920DA1FBCADD400E28DB4 /* Cards.swift */,
			);
			path = Models;
			sourceTree = "<group>";
		};
		40E1EDA51FBA48A700EB7D27 /* Main Navigation */ = {
			isa = PBXGroup;
			children = (
				79B795C11F9798A500A6650F /* Login_View.swift */,
				796E8AFB1F985801001CE47A /* Creat_account.swift */,
				796E8AF91F985647001CE47A /* Main_menu.swift */,
				798AA59E1F997A5D00B02435 /* Setting_View.swift */,
				798AA5A01F997B1900B02435 /* Tutorial_View.swift */,
				40DC9E7F1FC496BF00F8BBA3 /* EditAccount_View.swift */,
				407BA9871FC4AA1700794023 /* Stat_View.swift */,
			);
			path = "Main Navigation";
			sourceTree = "<group>";
		};
		79B795B31F9798A500A6650F = {
			isa = PBXGroup;
			children = (
				79B795BE1F9798A500A6650F /* PET */,
				79B795D31F9798A500A6650F /* PETTests */,
				79B795DE1F9798A500A6650F /* PETUITests */,
				79B795BD1F9798A500A6650F /* Products */,
				ACD38F02CAD7203B79E4FFF2 /* Pods */,
				A11BAFFC7D6E150239A3189D /* Frameworks */,
			);
			sourceTree = "<group>";
		};
		79B795BD1F9798A500A6650F /* Products */ = {
			isa = PBXGroup;
			children = (
				79B795BC1F9798A500A6650F /* PET.app */,
				79B795D01F9798A500A6650F /* PETTests.xctest */,
				79B795DB1F9798A500A6650F /* PETUITests.xctest */,
			);
			name = Products;
			sourceTree = "<group>";
		};
		79B795BE1F9798A500A6650F /* PET */ = {
			isa = PBXGroup;
			children = (
				79B795C31F9798A500A6650F /* Main.storyboard */,
				79B795C81F9798A500A6650F /* LaunchScreen.storyboard */,
				79B795BF1F9798A500A6650F /* AppDelegate.swift */,
				79C132AB1FA1AD0600514822 /* GoogleService-Info.plist */,
				79B795CB1F9798A500A6650F /* Info.plist */,
				79066B321FB2B97D00276F7C /* fontawesome-webfont.ttf */,
				40E1EDA51FBA48A700EB7D27 /* Main Navigation */,
				40951FA31FBA11560005A9A2 /* Gameplay */,
				400EAE6F1FB7723C00A726F5 /* Question Bank */,
				40E1EDA41FBA488C00EB7D27 /* Models */,
				407EAF3B1FBDE8E900CF4A51 /* Miscellaneous */,
				79B795C61F9798A500A6650F /* Assets.xcassets */,
			);
			path = PET;
			sourceTree = "<group>";
		};
		79B795D31F9798A500A6650F /* PETTests */ = {
			isa = PBXGroup;
			children = (
				403665111FA8E83D00EB1B48 /* QuestionClassTests.swift */,
				403665161FA8F27100EB1B48 /* ProgressArrayTests.swift */,
				403665181FA8F2B000EB1B48 /* UserModelTests.swift */,
				403665141FA8EB8F00EB1B48 /* TestingConstants.swift */,
				79B795D61F9798A500A6650F /* Info.plist */,
				403665131FA8E8AF00EB1B48 /* PETTests-Bridging-Header.h */,
			);
			path = PETTests;
			sourceTree = "<group>";
		};
		79B795DE1F9798A500A6650F /* PETUITests */ = {
			isa = PBXGroup;
			children = (
				79B795DF1F9798A500A6650F /* PETUITests.swift */,
				79B795E11F9798A500A6650F /* Info.plist */,
			);
			path = PETUITests;
			sourceTree = "<group>";
		};
		A11BAFFC7D6E150239A3189D /* Frameworks */ = {
			isa = PBXGroup;
			children = (
				6FFAF3086BEEF679CA00BEF3 /* Pods_PET.framework */,
				4F645BEF0256C0F94B18C051 /* Pods_PETTests.framework */,
				D7EFB97653C402E160322FD0 /* Pods_PETUITests.framework */,
			);
			name = Frameworks;
			sourceTree = "<group>";
		};
		ACD38F02CAD7203B79E4FFF2 /* Pods */ = {
			isa = PBXGroup;
			children = (
				D908782542E4228D4CC4E642 /* Pods-PET.debug.xcconfig */,
				35A3D7B3D8851051199729B9 /* Pods-PET.release.xcconfig */,
			);
			name = Pods;
			sourceTree = "<group>";
		};
/* End PBXGroup section */

/* Begin PBXNativeTarget section */
		79B795BB1F9798A500A6650F /* PET */ = {
			isa = PBXNativeTarget;
			buildConfigurationList = 79B795E41F9798A500A6650F /* Build configuration list for PBXNativeTarget "PET" */;
			buildPhases = (
				D322FBCF9340342C715A384E /* [CP] Check Pods Manifest.lock */,
				79B795B81F9798A500A6650F /* Sources */,
				79B795B91F9798A500A6650F /* Frameworks */,
				79B795BA1F9798A500A6650F /* Resources */,
				0E28FC6B48556AAE731690EA /* [CP] Embed Pods Frameworks */,
				69E5F803EDCEFBD865538707 /* [CP] Copy Pods Resources */,
			);
			buildRules = (
			);
			dependencies = (
			);
			name = PET;
			productName = PET;
			productReference = 79B795BC1F9798A500A6650F /* PET.app */;
			productType = "com.apple.product-type.application";
		};
		79B795CF1F9798A500A6650F /* PETTests */ = {
			isa = PBXNativeTarget;
			buildConfigurationList = 79B795E71F9798A500A6650F /* Build configuration list for PBXNativeTarget "PETTests" */;
			buildPhases = (
				79B795CC1F9798A500A6650F /* Sources */,
				79B795CD1F9798A500A6650F /* Frameworks */,
				79B795CE1F9798A500A6650F /* Resources */,
			);
			buildRules = (
			);
			dependencies = (
				79B795D21F9798A500A6650F /* PBXTargetDependency */,
			);
			name = PETTests;
			productName = PETTests;
			productReference = 79B795D01F9798A500A6650F /* PETTests.xctest */;
			productType = "com.apple.product-type.bundle.unit-test";
		};
		79B795DA1F9798A500A6650F /* PETUITests */ = {
			isa = PBXNativeTarget;
			buildConfigurationList = 79B795EA1F9798A500A6650F /* Build configuration list for PBXNativeTarget "PETUITests" */;
			buildPhases = (
				79B795D71F9798A500A6650F /* Sources */,
				79B795D81F9798A500A6650F /* Frameworks */,
				79B795D91F9798A500A6650F /* Resources */,
			);
			buildRules = (
			);
			dependencies = (
				79B795DD1F9798A500A6650F /* PBXTargetDependency */,
			);
			name = PETUITests;
			productName = PETUITests;
			productReference = 79B795DB1F9798A500A6650F /* PETUITests.xctest */;
			productType = "com.apple.product-type.bundle.ui-testing";
		};
/* End PBXNativeTarget section */

/* Begin PBXProject section */
		79B795B41F9798A500A6650F /* Project object */ = {
			isa = PBXProject;
			attributes = {
				LastSwiftUpdateCheck = 0830;
				LastUpgradeCheck = 0830;
				ORGANIZATIONNAME = TEAMX;
				TargetAttributes = {
					79B795BB1F9798A500A6650F = {
						CreatedOnToolsVersion = 8.3.3;
						DevelopmentTeam = YN7632NGXP;
						ProvisioningStyle = Automatic;
					};
					79B795CF1F9798A500A6650F = {
						CreatedOnToolsVersion = 8.3.3;
						LastSwiftMigration = 0900;
						ProvisioningStyle = Automatic;
						TestTargetID = 79B795BB1F9798A500A6650F;
					};
					79B795DA1F9798A500A6650F = {
						CreatedOnToolsVersion = 8.3.3;
						ProvisioningStyle = Automatic;
						TestTargetID = 79B795BB1F9798A500A6650F;
					};
				};
			};
			buildConfigurationList = 79B795B71F9798A500A6650F /* Build configuration list for PBXProject "PET" */;
			compatibilityVersion = "Xcode 3.2";
			developmentRegion = English;
			hasScannedForEncodings = 0;
			knownRegions = (
				en,
				Base,
			);
			mainGroup = 79B795B31F9798A500A6650F;
			productRefGroup = 79B795BD1F9798A500A6650F /* Products */;
			projectDirPath = "";
			projectRoot = "";
			targets = (
				79B795BB1F9798A500A6650F /* PET */,
				79B795CF1F9798A500A6650F /* PETTests */,
				79B795DA1F9798A500A6650F /* PETUITests */,
			);
		};
/* End PBXProject section */

/* Begin PBXResourcesBuildPhase section */
		79B795BA1F9798A500A6650F /* Resources */ = {
			isa = PBXResourcesBuildPhase;
			buildActionMask = 2147483647;
			files = (
				79B795CA1F9798A500A6650F /* LaunchScreen.storyboard in Resources */,
				79C132AC1FA1AD0600514822 /* GoogleService-Info.plist in Resources */,
				79066B331FB2B97E00276F7C /* fontawesome-webfont.ttf in Resources */,
				79B795C71F9798A500A6650F /* Assets.xcassets in Resources */,
				79B795C51F9798A500A6650F /* Main.storyboard in Resources */,
			);
			runOnlyForDeploymentPostprocessing = 0;
		};
		79B795CE1F9798A500A6650F /* Resources */ = {
			isa = PBXResourcesBuildPhase;
			buildActionMask = 2147483647;
			files = (
			);
			runOnlyForDeploymentPostprocessing = 0;
		};
		79B795D91F9798A500A6650F /* Resources */ = {
			isa = PBXResourcesBuildPhase;
			buildActionMask = 2147483647;
			files = (
			);
			runOnlyForDeploymentPostprocessing = 0;
		};
/* End PBXResourcesBuildPhase section */

/* Begin PBXShellScriptBuildPhase section */
		0E28FC6B48556AAE731690EA /* [CP] Embed Pods Frameworks */ = {
			isa = PBXShellScriptBuildPhase;
			buildActionMask = 2147483647;
			files = (
			);
			inputPaths = (
				"${SRCROOT}/Pods/Target Support Files/Pods-PET/Pods-PET-frameworks.sh",
				"${BUILT_PRODUCTS_DIR}/AWSCore/AWSCore.framework",
				"${BUILT_PRODUCTS_DIR}/AWSKinesis/AWSKinesis.framework",
				"${PODS_ROOT}/AffdexSDK-iOS/ios/Affdex.framework",
				"${BUILT_PRODUCTS_DIR}/Charts/Charts.framework",
				"${BUILT_PRODUCTS_DIR}/FontAwesome.swift/FontAwesome_swift.framework",
				"${BUILT_PRODUCTS_DIR}/GTMSessionFetcher/GTMSessionFetcher.framework",
				"${BUILT_PRODUCTS_DIR}/GoogleToolboxForMac/GoogleToolboxForMac.framework",
				"${BUILT_PRODUCTS_DIR}/Hero/Hero.framework",
				"${BUILT_PRODUCTS_DIR}/PopupDialog/PopupDialog.framework",
				"${BUILT_PRODUCTS_DIR}/SkyFloatingLabelTextField/SkyFloatingLabelTextField.framework",
				"${BUILT_PRODUCTS_DIR}/SnapKit/SnapKit.framework",
				"${BUILT_PRODUCTS_DIR}/Spring/Spring.framework",
				"${BUILT_PRODUCTS_DIR}/UICircularProgressRing/UICircularProgressRing.framework",
				"${BUILT_PRODUCTS_DIR}/leveldb-library/leveldb.framework",
				"${BUILT_PRODUCTS_DIR}/nanopb/nanopb.framework",
			);
			name = "[CP] Embed Pods Frameworks";
			outputPaths = (
				"${TARGET_BUILD_DIR}/${FRAMEWORKS_FOLDER_PATH}/AWSCore.framework",
				"${TARGET_BUILD_DIR}/${FRAMEWORKS_FOLDER_PATH}/AWSKinesis.framework",
				"${TARGET_BUILD_DIR}/${FRAMEWORKS_FOLDER_PATH}/Affdex.framework",
				"${TARGET_BUILD_DIR}/${FRAMEWORKS_FOLDER_PATH}/Charts.framework",
				"${TARGET_BUILD_DIR}/${FRAMEWORKS_FOLDER_PATH}/FontAwesome_swift.framework",
				"${TARGET_BUILD_DIR}/${FRAMEWORKS_FOLDER_PATH}/GTMSessionFetcher.framework",
				"${TARGET_BUILD_DIR}/${FRAMEWORKS_FOLDER_PATH}/GoogleToolboxForMac.framework",
				"${TARGET_BUILD_DIR}/${FRAMEWORKS_FOLDER_PATH}/Hero.framework",
				"${TARGET_BUILD_DIR}/${FRAMEWORKS_FOLDER_PATH}/PopupDialog.framework",
				"${TARGET_BUILD_DIR}/${FRAMEWORKS_FOLDER_PATH}/SkyFloatingLabelTextField.framework",
				"${TARGET_BUILD_DIR}/${FRAMEWORKS_FOLDER_PATH}/SnapKit.framework",
				"${TARGET_BUILD_DIR}/${FRAMEWORKS_FOLDER_PATH}/Spring.framework",
				"${TARGET_BUILD_DIR}/${FRAMEWORKS_FOLDER_PATH}/UICircularProgressRing.framework",
				"${TARGET_BUILD_DIR}/${FRAMEWORKS_FOLDER_PATH}/leveldb.framework",
				"${TARGET_BUILD_DIR}/${FRAMEWORKS_FOLDER_PATH}/nanopb.framework",
			);
			runOnlyForDeploymentPostprocessing = 0;
			shellPath = /bin/sh;
			shellScript = "\"${SRCROOT}/Pods/Target Support Files/Pods-PET/Pods-PET-frameworks.sh\"\n";
			showEnvVarsInLog = 0;
		};
		69E5F803EDCEFBD865538707 /* [CP] Copy Pods Resources */ = {
			isa = PBXShellScriptBuildPhase;
			buildActionMask = 2147483647;
			files = (
			);
			inputPaths = (
			);
			name = "[CP] Copy Pods Resources";
			outputPaths = (
			);
			runOnlyForDeploymentPostprocessing = 0;
			shellPath = /bin/sh;
			shellScript = "\"${SRCROOT}/Pods/Target Support Files/Pods-PET/Pods-PET-resources.sh\"\n";
			showEnvVarsInLog = 0;
		};
		D322FBCF9340342C715A384E /* [CP] Check Pods Manifest.lock */ = {
			isa = PBXShellScriptBuildPhase;
			buildActionMask = 2147483647;
			files = (
			);
			inputPaths = (
				"${PODS_PODFILE_DIR_PATH}/Podfile.lock",
				"${PODS_ROOT}/Manifest.lock",
			);
			name = "[CP] Check Pods Manifest.lock";
			outputPaths = (
				"$(DERIVED_FILE_DIR)/Pods-PET-checkManifestLockResult.txt",
			);
			runOnlyForDeploymentPostprocessing = 0;
			shellPath = /bin/sh;
			shellScript = "diff \"${PODS_PODFILE_DIR_PATH}/Podfile.lock\" \"${PODS_ROOT}/Manifest.lock\" > /dev/null\nif [ $? != 0 ] ; then\n    # print error to STDERR\n    echo \"error: The sandbox is not in sync with the Podfile.lock. Run 'pod install' or update your CocoaPods installation.\" >&2\n    exit 1\nfi\n# This output is used by Xcode 'outputs' to avoid re-running this script phase.\necho \"SUCCESS\" > \"${SCRIPT_OUTPUT_FILE_0}\"\n";
			showEnvVarsInLog = 0;
		};
/* End PBXShellScriptBuildPhase section */

/* Begin PBXSourcesBuildPhase section */
		79B795B81F9798A500A6650F /* Sources */ = {
			isa = PBXSourcesBuildPhase;
			buildActionMask = 2147483647;
			files = (
				408133231FA6390700EE6E52 /* QSelect_View.swift in Sources */,
				406534FA1FB780B9006B4672 /* dropDrownBtn.swift in Sources */,
				407EAF3D1FBDE94700CF4A51 /* EditQuestion_View.swift in Sources */,
				408C083F1FA3D5B5001E3AAF /* QuestionClass.swift in Sources */,
				407BA9881FC4AA1700794023 /* Stat_View.swift in Sources */,
				401F88861FBCC59F008E7437 /* LevelSelect_View.swift in Sources */,
				796E8AFA1F985647001CE47A /* Main_menu.swift in Sources */,
				796E8AFC1F985801001CE47A /* Creat_account.swift in Sources */,
				40EF09881FBDFC7100D1B306 /* GlobalPlay_View.swift in Sources */,
				409108AD1FB7D5110034E681 /* UIImage.swift in Sources */,
				406534FC1FB780CE006B4672 /* dropDownView.swift in Sources */,
				40DC9E801FC496BF00F8BBA3 /* EditAccount_View.swift in Sources */,
				408133251FA6392900EE6E52 /* FacialFun_View.swift in Sources */,
				408C083B1FA3D554001E3AAF /* User_Model.swift in Sources */,
				401F75391FA65A3100F85B54 /* Constants.swift in Sources */,
				409108AA1FB7AA970034E681 /* CheckAVAuthorizationStatus.swift in Sources */,
				409108AE1FB7D5110034E681 /* String.swift in Sources */,
				798AA5A31F997B8C00B02435 /* QManager_View.swift in Sources */,
				40BFA9901FBE7A7B00586CC8 /* GlobalGameplay_View.swift in Sources */,
				405920DD1FBCADD400E28DB4 /* Shuffle.swift in Sources */,
				798AA5A11F997B1900B02435 /* Tutorial_View.swift in Sources */,
				798AA59F1F997A5D00B02435 /* Setting_View.swift in Sources */,
				40E1EDA21FBA421C00EB7D27 /* QBankGameplay_View.swift in Sources */,
				40A661361FA64D6800638B92 /* Gameplay_View.swift in Sources */,
				405920DC1FBCADD400E28DB4 /* Cards.swift in Sources */,
				408C08411FA3D5C8001E3AAF /* ProgressArray.swift in Sources */,
				79B795C21F9798A500A6650F /* Login_View.swift in Sources */,
				40F5D4AE1FB6734C008F36A8 /* AddQuestion_View.swift in Sources */,
				79B795C01F9798A500A6650F /* AppDelegate.swift in Sources */,
			);
			runOnlyForDeploymentPostprocessing = 0;
		};
		79B795CC1F9798A500A6650F /* Sources */ = {
			isa = PBXSourcesBuildPhase;
			buildActionMask = 2147483647;
			files = (
				403665151FA8EB8F00EB1B48 /* TestingConstants.swift in Sources */,
				403665171FA8F27100EB1B48 /* ProgressArrayTests.swift in Sources */,
				403665191FA8F2B000EB1B48 /* UserModelTests.swift in Sources */,
				403665121FA8E83D00EB1B48 /* QuestionClassTests.swift in Sources */,
			);
			runOnlyForDeploymentPostprocessing = 0;
		};
		79B795D71F9798A500A6650F /* Sources */ = {
			isa = PBXSourcesBuildPhase;
			buildActionMask = 2147483647;
			files = (
				79B795E01F9798A500A6650F /* PETUITests.swift in Sources */,
			);
			runOnlyForDeploymentPostprocessing = 0;
		};
/* End PBXSourcesBuildPhase section */

/* Begin PBXTargetDependency section */
		79B795D21F9798A500A6650F /* PBXTargetDependency */ = {
			isa = PBXTargetDependency;
			target = 79B795BB1F9798A500A6650F /* PET */;
			targetProxy = 79B795D11F9798A500A6650F /* PBXContainerItemProxy */;
		};
		79B795DD1F9798A500A6650F /* PBXTargetDependency */ = {
			isa = PBXTargetDependency;
			target = 79B795BB1F9798A500A6650F /* PET */;
			targetProxy = 79B795DC1F9798A500A6650F /* PBXContainerItemProxy */;
		};
/* End PBXTargetDependency section */

/* Begin PBXVariantGroup section */
		79B795C31F9798A500A6650F /* Main.storyboard */ = {
			isa = PBXVariantGroup;
			children = (
				79B795C41F9798A500A6650F /* Base */,
			);
			name = Main.storyboard;
			sourceTree = "<group>";
		};
		79B795C81F9798A500A6650F /* LaunchScreen.storyboard */ = {
			isa = PBXVariantGroup;
			children = (
				79B795C91F9798A500A6650F /* Base */,
			);
			name = LaunchScreen.storyboard;
			sourceTree = "<group>";
		};
/* End PBXVariantGroup section */

/* Begin XCBuildConfiguration section */
		79B795E21F9798A500A6650F /* Debug */ = {
			isa = XCBuildConfiguration;
			buildSettings = {
				ALWAYS_SEARCH_USER_PATHS = NO;
				CLANG_ANALYZER_NONNULL = YES;
				CLANG_ANALYZER_NUMBER_OBJECT_CONVERSION = YES_AGGRESSIVE;
				CLANG_CXX_LANGUAGE_STANDARD = "gnu++0x";
				CLANG_CXX_LIBRARY = "libc++";
				CLANG_ENABLE_MODULES = YES;
				CLANG_ENABLE_OBJC_ARC = YES;
				CLANG_WARN_BOOL_CONVERSION = YES;
				CLANG_WARN_CONSTANT_CONVERSION = YES;
				CLANG_WARN_DIRECT_OBJC_ISA_USAGE = YES_ERROR;
				CLANG_WARN_DOCUMENTATION_COMMENTS = YES;
				CLANG_WARN_EMPTY_BODY = YES;
				CLANG_WARN_ENUM_CONVERSION = YES;
				CLANG_WARN_INFINITE_RECURSION = YES;
				CLANG_WARN_INT_CONVERSION = YES;
				CLANG_WARN_OBJC_ROOT_CLASS = YES_ERROR;
				CLANG_WARN_SUSPICIOUS_MOVE = YES;
				CLANG_WARN_UNREACHABLE_CODE = YES;
				CLANG_WARN__DUPLICATE_METHOD_MATCH = YES;
				"CODE_SIGN_IDENTITY[sdk=iphoneos*]" = "iPhone Developer";
				COPY_PHASE_STRIP = NO;
				DEBUG_INFORMATION_FORMAT = dwarf;
				ENABLE_STRICT_OBJC_MSGSEND = YES;
				ENABLE_TESTABILITY = YES;
				GCC_C_LANGUAGE_STANDARD = gnu99;
				GCC_DYNAMIC_NO_PIC = NO;
				GCC_NO_COMMON_BLOCKS = YES;
				GCC_OPTIMIZATION_LEVEL = 0;
				GCC_PREPROCESSOR_DEFINITIONS = (
					"DEBUG=1",
					"$(inherited)",
				);
				GCC_WARN_64_TO_32_BIT_CONVERSION = YES;
				GCC_WARN_ABOUT_RETURN_TYPE = YES_ERROR;
				GCC_WARN_UNDECLARED_SELECTOR = YES;
				GCC_WARN_UNINITIALIZED_AUTOS = YES_AGGRESSIVE;
				GCC_WARN_UNUSED_FUNCTION = YES;
				GCC_WARN_UNUSED_VARIABLE = YES;
				IPHONEOS_DEPLOYMENT_TARGET = 11.0;
				MTL_ENABLE_DEBUG_INFO = YES;
				ONLY_ACTIVE_ARCH = YES;
				SDKROOT = iphoneos;
				SWIFT_ACTIVE_COMPILATION_CONDITIONS = DEBUG;
				SWIFT_OPTIMIZATION_LEVEL = "-Onone";
				TARGETED_DEVICE_FAMILY = "1,2";
			};
			name = Debug;
		};
		79B795E31F9798A500A6650F /* Release */ = {
			isa = XCBuildConfiguration;
			buildSettings = {
				ALWAYS_SEARCH_USER_PATHS = NO;
				CLANG_ANALYZER_NONNULL = YES;
				CLANG_ANALYZER_NUMBER_OBJECT_CONVERSION = YES_AGGRESSIVE;
				CLANG_CXX_LANGUAGE_STANDARD = "gnu++0x";
				CLANG_CXX_LIBRARY = "libc++";
				CLANG_ENABLE_MODULES = YES;
				CLANG_ENABLE_OBJC_ARC = YES;
				CLANG_WARN_BOOL_CONVERSION = YES;
				CLANG_WARN_CONSTANT_CONVERSION = YES;
				CLANG_WARN_DIRECT_OBJC_ISA_USAGE = YES_ERROR;
				CLANG_WARN_DOCUMENTATION_COMMENTS = YES;
				CLANG_WARN_EMPTY_BODY = YES;
				CLANG_WARN_ENUM_CONVERSION = YES;
				CLANG_WARN_INFINITE_RECURSION = YES;
				CLANG_WARN_INT_CONVERSION = YES;
				CLANG_WARN_OBJC_ROOT_CLASS = YES_ERROR;
				CLANG_WARN_SUSPICIOUS_MOVE = YES;
				CLANG_WARN_UNREACHABLE_CODE = YES;
				CLANG_WARN__DUPLICATE_METHOD_MATCH = YES;
				"CODE_SIGN_IDENTITY[sdk=iphoneos*]" = "iPhone Developer";
				COPY_PHASE_STRIP = NO;
				DEBUG_INFORMATION_FORMAT = "dwarf-with-dsym";
				ENABLE_NS_ASSERTIONS = NO;
				ENABLE_STRICT_OBJC_MSGSEND = YES;
				GCC_C_LANGUAGE_STANDARD = gnu99;
				GCC_NO_COMMON_BLOCKS = YES;
				GCC_WARN_64_TO_32_BIT_CONVERSION = YES;
				GCC_WARN_ABOUT_RETURN_TYPE = YES_ERROR;
				GCC_WARN_UNDECLARED_SELECTOR = YES;
				GCC_WARN_UNINITIALIZED_AUTOS = YES_AGGRESSIVE;
				GCC_WARN_UNUSED_FUNCTION = YES;
				GCC_WARN_UNUSED_VARIABLE = YES;
				IPHONEOS_DEPLOYMENT_TARGET = 11.0;
				MTL_ENABLE_DEBUG_INFO = NO;
				SDKROOT = iphoneos;
				SWIFT_OPTIMIZATION_LEVEL = "-Owholemodule";
				TARGETED_DEVICE_FAMILY = "1,2";
				VALIDATE_PRODUCT = YES;
			};
			name = Release;
		};
		79B795E51F9798A500A6650F /* Debug */ = {
			isa = XCBuildConfiguration;
			baseConfigurationReference = D908782542E4228D4CC4E642 /* Pods-PET.debug.xcconfig */;
			buildSettings = {
				ASSETCATALOG_COMPILER_APPICON_NAME = AppIcon;
				"CODE_SIGN_IDENTITY[sdk=iphoneos*]" = "iPhone Developer";
				CODE_SIGN_STYLE = Automatic;
				DEVELOPMENT_TEAM = YN7632NGXP;
				FRAMEWORK_SEARCH_PATHS = (
					"$(inherited)",
					"$(SRCROOT)/**",
					"\"$PODS_CONFIGURATION_BUILD_DIR/Charts\"",
					"\"$PODS_CONFIGURATION_BUILD_DIR/FontAwesome.swift\"",
					"\"$PODS_CONFIGURATION_BUILD_DIR/GTMSessionFetcher\"",
					"\"$PODS_CONFIGURATION_BUILD_DIR/GoogleToolboxForMac\"",
					"\"$PODS_CONFIGURATION_BUILD_DIR/Hero\"",
					"\"$PODS_CONFIGURATION_BUILD_DIR/PopupDialog\"",
					"\"$PODS_CONFIGURATION_BUILD_DIR/SkyFloatingLabelTextField\"",
					"\"$PODS_CONFIGURATION_BUILD_DIR/SnapKit\"",
					"\"$PODS_CONFIGURATION_BUILD_DIR/Spring\"",
					"\"$PODS_CONFIGURATION_BUILD_DIR/UICircularProgressRing\"",
					"\"$PODS_CONFIGURATION_BUILD_DIR/leveldb-library\"",
					"\"$PODS_CONFIGURATION_BUILD_DIR/nanopb\"",
					"\"$PODS_CONFIGURATION_BUILD_DIR/pop\"",
					"\"${PODS_ROOT}/FirebaseAnalytics/Frameworks\"",
					"\"${PODS_ROOT}/FirebaseAuth/Frameworks\"",
					"\"${PODS_ROOT}/FirebaseCore/Frameworks\"",
					"\"${PODS_ROOT}/FirebaseDatabase/Frameworks\"",
					"\"${PODS_ROOT}/FirebaseInstanceID/Frameworks\"",
					"\"${PODS_ROOT}/FirebaseStorage/Frameworks\"",
				);
				INFOPLIST_FILE = PET/Info.plist;
				IPHONEOS_DEPLOYMENT_TARGET = 10.1;
				LD_RUNPATH_SEARCH_PATHS = "$(inherited) @executable_path/Frameworks";
				PRODUCT_BUNDLE_IDENTIFIER = Teamx.PET;
				PRODUCT_NAME = "$(TARGET_NAME)";
				PROVISIONING_PROFILE_SPECIFIER = "";
				SWIFT_VERSION = 4.0;
				TARGETED_DEVICE_FAMILY = 2;
			};
			name = Debug;
		};
		79B795E61F9798A500A6650F /* Release */ = {
			isa = XCBuildConfiguration;
			baseConfigurationReference = 35A3D7B3D8851051199729B9 /* Pods-PET.release.xcconfig */;
			buildSettings = {
				ASSETCATALOG_COMPILER_APPICON_NAME = AppIcon;
				"CODE_SIGN_IDENTITY[sdk=iphoneos*]" = "iPhone Developer";
				CODE_SIGN_STYLE = Automatic;
				DEVELOPMENT_TEAM = YN7632NGXP;
				FRAMEWORK_SEARCH_PATHS = (
					"$(inherited)",
					"$(SRCROOT)/**",
					"\"$PODS_CONFIGURATION_BUILD_DIR/Charts\"",
					"\"$PODS_CONFIGURATION_BUILD_DIR/FontAwesome.swift\"",
					"\"$PODS_CONFIGURATION_BUILD_DIR/GTMSessionFetcher\"",
					"\"$PODS_CONFIGURATION_BUILD_DIR/GoogleToolboxForMac\"",
					"\"$PODS_CONFIGURATION_BUILD_DIR/Hero\"",
					"\"$PODS_CONFIGURATION_BUILD_DIR/PopupDialog\"",
					"\"$PODS_CONFIGURATION_BUILD_DIR/SkyFloatingLabelTextField\"",
					"\"$PODS_CONFIGURATION_BUILD_DIR/SnapKit\"",
					"\"$PODS_CONFIGURATION_BUILD_DIR/Spring\"",
					"\"$PODS_CONFIGURATION_BUILD_DIR/UICircularProgressRing\"",
					"\"$PODS_CONFIGURATION_BUILD_DIR/leveldb-library\"",
					"\"$PODS_CONFIGURATION_BUILD_DIR/nanopb\"",
					"\"$PODS_CONFIGURATION_BUILD_DIR/pop\"",
					"\"${PODS_ROOT}/FirebaseAnalytics/Frameworks\"",
					"\"${PODS_ROOT}/FirebaseAuth/Frameworks\"",
					"\"${PODS_ROOT}/FirebaseCore/Frameworks\"",
					"\"${PODS_ROOT}/FirebaseDatabase/Frameworks\"",
					"\"${PODS_ROOT}/FirebaseInstanceID/Frameworks\"",
					"\"${PODS_ROOT}/FirebaseStorage/Frameworks\"",
				);
				INFOPLIST_FILE = PET/Info.plist;
				IPHONEOS_DEPLOYMENT_TARGET = 10.1;
				LD_RUNPATH_SEARCH_PATHS = "$(inherited) @executable_path/Frameworks";
				PRODUCT_BUNDLE_IDENTIFIER = Teamx.PET;
				PRODUCT_NAME = "$(TARGET_NAME)";
				PROVISIONING_PROFILE_SPECIFIER = "";
				SWIFT_VERSION = 4.0;
				TARGETED_DEVICE_FAMILY = 2;
			};
			name = Release;
		};
		79B795E81F9798A500A6650F /* Debug */ = {
			isa = XCBuildConfiguration;
			buildSettings = {
				ALWAYS_EMBED_SWIFT_STANDARD_LIBRARIES = YES;
				BUNDLE_LOADER = "$(TEST_HOST)";
				CLANG_ENABLE_MODULES = YES;
				ENABLE_TESTABILITY = YES;
				HEADER_SEARCH_PATHS = (
					"$(inherited)",
					"\"$(SRCROOT)/Pods\"",
					"\"${PODS_ROOT}/Headers/Public\"",
					"\"${PODS_ROOT}/Headers/Public/Firebase\"",
					"\"${PODS_ROOT}/Headers/Public/FirebaseABTesting\"",
					"\"${PODS_ROOT}/Headers/Public/FirebaseAnalytics\"",
					"\"${PODS_ROOT}/Headers/Public/FirebaseAuth\"",
					"\"${PODS_ROOT}/Headers/Public/FirebaseCore\"",
					"\"${PODS_ROOT}/Headers/Public/FirebaseCrash\"",
					"\"${PODS_ROOT}/Headers/Public/FirebaseDatabase\"",
					"\"${PODS_ROOT}/Headers/Public/FirebaseDynamicLinks\"",
					"\"${PODS_ROOT}/Headers/Public/FirebaseInstanceID\"",
					"\"${PODS_ROOT}/Headers/Public/FirebaseMessaging\"",
					"\"${PODS_ROOT}/Headers/Public/FirebasePerformance\"",
					"\"${PODS_ROOT}/Headers/Public/FirebaseRemoteConfig\"",
					"\"${PODS_ROOT}/Headers/Public/FirebaseStorage\"",
					"\"${PODS_ROOT}/Headers/Public/SwiftLint\"",
					"\"${PODS_ROOT}/Firebase/Core/Sources\"",
					"\"${PODS_ROOT}/Nimble/Sources/Nimble\"",
				);
				INFOPLIST_FILE = PETTests/Info.plist;
				LD_RUNPATH_SEARCH_PATHS = "$(inherited) @executable_path/Frameworks @loader_path/Frameworks";
				PRODUCT_BUNDLE_IDENTIFIER = Teamx.PETTests;
				PRODUCT_NAME = "$(TARGET_NAME)";
				SWIFT_OBJC_BRIDGING_HEADER = "PETTests/PETTests-Bridging-Header.h";
				SWIFT_OPTIMIZATION_LEVEL = "-Onone";
				SWIFT_VERSION = 3.0;
				TEST_HOST = "$(BUILT_PRODUCTS_DIR)/PET.app/PET";
			};
			name = Debug;
		};
		79B795E91F9798A500A6650F /* Release */ = {
			isa = XCBuildConfiguration;
			buildSettings = {
				ALWAYS_EMBED_SWIFT_STANDARD_LIBRARIES = YES;
				BUNDLE_LOADER = "$(TEST_HOST)";
				CLANG_ENABLE_MODULES = YES;
				ENABLE_TESTABILITY = NO;
				HEADER_SEARCH_PATHS = (
					"$(inherited)",
					"\"$(SRCROOT)/Pods\"",
					"\"${PODS_ROOT}/Headers/Public\"",
					"\"${PODS_ROOT}/Headers/Public/Firebase\"",
					"\"${PODS_ROOT}/Headers/Public/FirebaseABTesting\"",
					"\"${PODS_ROOT}/Headers/Public/FirebaseAnalytics\"",
					"\"${PODS_ROOT}/Headers/Public/FirebaseAuth\"",
					"\"${PODS_ROOT}/Headers/Public/FirebaseCore\"",
					"\"${PODS_ROOT}/Headers/Public/FirebaseCrash\"",
					"\"${PODS_ROOT}/Headers/Public/FirebaseDatabase\"",
					"\"${PODS_ROOT}/Headers/Public/FirebaseDynamicLinks\"",
					"\"${PODS_ROOT}/Headers/Public/FirebaseInstanceID\"",
					"\"${PODS_ROOT}/Headers/Public/FirebaseMessaging\"",
					"\"${PODS_ROOT}/Headers/Public/FirebasePerformance\"",
					"\"${PODS_ROOT}/Headers/Public/FirebaseRemoteConfig\"",
					"\"${PODS_ROOT}/Headers/Public/FirebaseStorage\"",
					"\"${PODS_ROOT}/Headers/Public/SwiftLint\"",
					"\"${PODS_ROOT}/Firebase/Core/Sources\"",
					"\"${PODS_ROOT}/Nimble/Sources/Nimble\"",
				);
				INFOPLIST_FILE = PETTests/Info.plist;
				LD_RUNPATH_SEARCH_PATHS = "$(inherited) @executable_path/Frameworks @loader_path/Frameworks";
				PRODUCT_BUNDLE_IDENTIFIER = Teamx.PETTests;
				PRODUCT_NAME = "$(TARGET_NAME)";
				SWIFT_OBJC_BRIDGING_HEADER = "PETTests/PETTests-Bridging-Header.h";
				SWIFT_VERSION = 3.0;
				TEST_HOST = "$(BUILT_PRODUCTS_DIR)/PET.app/PET";
			};
			name = Release;
		};
		79B795EB1F9798A500A6650F /* Debug */ = {
			isa = XCBuildConfiguration;
			buildSettings = {
				ALWAYS_EMBED_SWIFT_STANDARD_LIBRARIES = YES;
				INFOPLIST_FILE = PETUITests/Info.plist;
				LD_RUNPATH_SEARCH_PATHS = "$(inherited) @executable_path/Frameworks @loader_path/Frameworks";
				PRODUCT_BUNDLE_IDENTIFIER = Teamx.PETUITests;
				PRODUCT_NAME = "$(TARGET_NAME)";
				SWIFT_VERSION = 3.0;
				TEST_TARGET_NAME = PET;
			};
			name = Debug;
		};
		79B795EC1F9798A500A6650F /* Release */ = {
			isa = XCBuildConfiguration;
			buildSettings = {
				ALWAYS_EMBED_SWIFT_STANDARD_LIBRARIES = YES;
				INFOPLIST_FILE = PETUITests/Info.plist;
				LD_RUNPATH_SEARCH_PATHS = "$(inherited) @executable_path/Frameworks @loader_path/Frameworks";
				PRODUCT_BUNDLE_IDENTIFIER = Teamx.PETUITests;
				PRODUCT_NAME = "$(TARGET_NAME)";
				SWIFT_VERSION = 3.0;
				TEST_TARGET_NAME = PET;
			};
			name = Release;
		};
/* End XCBuildConfiguration section */

/* Begin XCConfigurationList section */
		79B795B71F9798A500A6650F /* Build configuration list for PBXProject "PET" */ = {
			isa = XCConfigurationList;
			buildConfigurations = (
				79B795E21F9798A500A6650F /* Debug */,
				79B795E31F9798A500A6650F /* Release */,
			);
			defaultConfigurationIsVisible = 0;
			defaultConfigurationName = Release;
		};
		79B795E41F9798A500A6650F /* Build configuration list for PBXNativeTarget "PET" */ = {
			isa = XCConfigurationList;
			buildConfigurations = (
				79B795E51F9798A500A6650F /* Debug */,
				79B795E61F9798A500A6650F /* Release */,
			);
			defaultConfigurationIsVisible = 0;
			defaultConfigurationName = Release;
		};
		79B795E71F9798A500A6650F /* Build configuration list for PBXNativeTarget "PETTests" */ = {
			isa = XCConfigurationList;
			buildConfigurations = (
				79B795E81F9798A500A6650F /* Debug */,
				79B795E91F9798A500A6650F /* Release */,
			);
			defaultConfigurationIsVisible = 0;
			defaultConfigurationName = Release;
		};
		79B795EA1F9798A500A6650F /* Build configuration list for PBXNativeTarget "PETUITests" */ = {
			isa = XCConfigurationList;
			buildConfigurations = (
				79B795EB1F9798A500A6650F /* Debug */,
				79B795EC1F9798A500A6650F /* Release */,
			);
			defaultConfigurationIsVisible = 0;
			defaultConfigurationName = Release;
		};
/* End XCConfigurationList section */
	};
	rootObject = 79B795B41F9798A500A6650F /* Project object */;
}
